# This file is automatically @generated by Cargo.
# It is not intended for manual editing.
version = 4

[[package]]
name = "edikt"
version = "0.0.0"

[[package]]
name = "edikt-core"
version = "0.0.0"

[[package]]
name = "edikt-env"
version = "0.0.0"

[[package]]
name = "edikt-ini"
version = "0.0.0"

[[package]]
name = "edikt-jsonc"
version = "0.0.0"

[[package]]
name = "edikt-syntax"
version = "0.0.0"
